
Microsoft Visual Studio Solution File, Format Version 11.00
# Visual Studio 2010
Project("{FAE04EC0-301F-11D3-BF4B-00C04F79EFBC}") = "OptimizationToolbox", "OptimizationToolbox\OptimizationToolbox.csproj", "{F3F84AF0-712B-4F23-A702-6C0CC6846DD8}"
EndProject
Project("{FAE04EC0-301F-11D3-BF4B-00C04F79EFBC}") = "Common", "Common\Common.csproj", "{52050015-C860-4434-8757-D4146D0CC390}"
EndProject
Project("{FAE04EC0-301F-11D3-BF4B-00C04F79EFBC}") = "RBFNetwork", "RBFNetwork\RBFNetwork.csproj", "{3DCBFA0D-DAA4-4FBF-BA3D-9F5E626AA11A}"
EndProject
Project("{2150E333-8FDC-42A3-9474-1A3956D46DE8}") = "Equations", "Equations", "{E97FA82C-9AEA-4321-B7B2-76AB87ECA9B1}"
EndProject
Project("{FAE04EC0-301F-11D3-BF4B-00C04F79EFBC}") = "Plotting", "Plotting\Plotting.csproj", "{9F61BD24-BF9E-4A5D-9698-940039380058}"
EndProject
Project("{FAE04EC0-301F-11D3-BF4B-00C04F79EFBC}") = "PDE", "PDE\PDE.csproj", "{EBF673A3-325A-4270-817D-3AE645EEDD6C}"
EndProject
Project("{FAE04EC0-301F-11D3-BF4B-00C04F79EFBC}") = "PoissonPDE", "PoissonPDE\PoissonPDE.csproj", "{2D778104-7D7A-4093-AD33-D11F3EB5C80C}"
EndProject
Project("{FAE04EC0-301F-11D3-BF4B-00C04F79EFBC}") = "Solver", "Solver\Solver.csproj", "{82A3C8DE-3C75-401A-8E1F-5CBBD8CCAAB5}"
EndProject
Project("{FAE04EC0-301F-11D3-BF4B-00C04F79EFBC}") = "WavePDE", "WavePDE\WavePDE.csproj", "{4220792C-7E74-4284-A261-8863E96938CB}"
EndProject
Project("{FAE04EC0-301F-11D3-BF4B-00C04F79EFBC}") = "KleinGordonPDE", "KleinGordonPDE\KleinGordonPDE.csproj", "{96866C86-2EF8-4F84-880A-9AD9C9BD1A11}"
EndProject
Project("{FAE04EC0-301F-11D3-BF4B-00C04F79EFBC}") = "testtr", "testtr\testtr.csproj", "{176D8112-B981-44FE-8568-1CE7FF7C32D7}"
EndProject
Project("{FAE04EC0-301F-11D3-BF4B-00C04F79EFBC}") = "NonlinerPoissonPDE", "NonlinerPoissonPDE\NonlinerPoissonPDE.csproj", "{097251A3-D0D1-4985-BC62-BCC1FBF06ED8}"
EndProject
Project("{2150E333-8FDC-42A3-9474-1A3956D46DE8}") = "Tests", "Tests", "{21F63C8F-8CE5-422C-AD3F-62C671658E38}"
EndProject
Project("{FAE04EC0-301F-11D3-BF4B-00C04F79EFBC}") = "testFunctions", "testFunctions\testFunctions.csproj", "{6519EE86-4551-477F-A0DC-118B876BCDA7}"
EndProject
Project("{FAE04EC0-301F-11D3-BF4B-00C04F79EFBC}") = "ODE", "ODE\ODE.csproj", "{A40C122C-D926-4472-8E5F-7E9BB6214D20}"
EndProject
Project("{FAE04EC0-301F-11D3-BF4B-00C04F79EFBC}") = "ODE.Solver", "ODE.Solver\ODE.Solver.csproj", "{372EA1FF-B05A-4C6A-837A-05DF03AEA91A}"
EndProject
Project("{FAE04EC0-301F-11D3-BF4B-00C04F79EFBC}") = "InverseProblem1", "InverseProblem1\InverseProblem1.csproj", "{A3E580BA-C97D-425B-BA54-9895ADB3C99A}"
EndProject
Project("{FAE04EC0-301F-11D3-BF4B-00C04F79EFBC}") = "InverseProblem2", "InverseProblem2\InverseProblem2.csproj", "{BE89D42F-47DA-4079-B1F0-B4D809A0D951}"
EndProject
Project("{2150E333-8FDC-42A3-9474-1A3956D46DE8}") = "Solvers", "Solvers", "{19526E23-F2B0-4743-9561-7B8B53836C33}"
EndProject
Project("{FAE04EC0-301F-11D3-BF4B-00C04F79EFBC}") = "Iteration.Solver", "Iteration.Solver\Iteration.Solver.csproj", "{5E34DFF9-ED6B-4ACA-999B-87A54A352EDA}"
EndProject
Project("{FAE04EC0-301F-11D3-BF4B-00C04F79EFBC}") = "InverseProblem3", "InverseProblem3\InverseProblem3.csproj", "{15AEF4F2-4C0F-46BD-9E91-5EF91CB1AAA8}"
EndProject
Project("{FAE04EC0-301F-11D3-BF4B-00C04F79EFBC}") = "EvolutionInverseProblem", "EvolutionInverseProblem\EvolutionInverseProblem.csproj", "{C1091412-52BE-45A4-AA95-0E3C88472B6E}"
EndProject
Project("{FAE04EC0-301F-11D3-BF4B-00C04F79EFBC}") = "EITProblem", "EITProblem\EITProblem.csproj", "{85B2D4F6-94B8-4E06-92AF-27AEECCD73C0}"
EndProject
Project("{2150E333-8FDC-42A3-9474-1A3956D46DE8}") = "Ecology", "Ecology", "{097F56FA-8270-4046-B758-343087739B3A}"
EndProject
Project("{FAE04EC0-301F-11D3-BF4B-00C04F79EFBC}") = "TestProblem", "TestProblem\TestProblem.csproj", "{61610FA2-A6A7-4CD7-ACA5-D207AC300AB3}"
EndProject
Global
	GlobalSection(SolutionConfigurationPlatforms) = preSolution
		Debug|Any CPU = Debug|Any CPU
		Debug|Mixed Platforms = Debug|Mixed Platforms
		Debug|x86 = Debug|x86
		Release|Any CPU = Release|Any CPU
		Release|Mixed Platforms = Release|Mixed Platforms
		Release|x86 = Release|x86
	EndGlobalSection
	GlobalSection(ProjectConfigurationPlatforms) = postSolution
		{F3F84AF0-712B-4F23-A702-6C0CC6846DD8}.Debug|Any CPU.ActiveCfg = Debug|Any CPU
		{F3F84AF0-712B-4F23-A702-6C0CC6846DD8}.Debug|Any CPU.Build.0 = Debug|Any CPU
		{F3F84AF0-712B-4F23-A702-6C0CC6846DD8}.Debug|Mixed Platforms.ActiveCfg = Debug|Any CPU
		{F3F84AF0-712B-4F23-A702-6C0CC6846DD8}.Debug|Mixed Platforms.Build.0 = Debug|Any CPU
		{F3F84AF0-712B-4F23-A702-6C0CC6846DD8}.Debug|x86.ActiveCfg = Debug|Any CPU
		{F3F84AF0-712B-4F23-A702-6C0CC6846DD8}.Release|Any CPU.ActiveCfg = Release|Any CPU
		{F3F84AF0-712B-4F23-A702-6C0CC6846DD8}.Release|Any CPU.Build.0 = Release|Any CPU
		{F3F84AF0-712B-4F23-A702-6C0CC6846DD8}.Release|Mixed Platforms.ActiveCfg = Release|Any CPU
		{F3F84AF0-712B-4F23-A702-6C0CC6846DD8}.Release|Mixed Platforms.Build.0 = Release|Any CPU
		{F3F84AF0-712B-4F23-A702-6C0CC6846DD8}.Release|x86.ActiveCfg = Release|Any CPU
		{52050015-C860-4434-8757-D4146D0CC390}.Debug|Any CPU.ActiveCfg = Debug|Any CPU
		{52050015-C860-4434-8757-D4146D0CC390}.Debug|Any CPU.Build.0 = Debug|Any CPU
		{52050015-C860-4434-8757-D4146D0CC390}.Debug|Mixed Platforms.ActiveCfg = Debug|Any CPU
		{52050015-C860-4434-8757-D4146D0CC390}.Debug|Mixed Platforms.Build.0 = Debug|Any CPU
		{52050015-C860-4434-8757-D4146D0CC390}.Debug|x86.ActiveCfg = Debug|Any CPU
		{52050015-C860-4434-8757-D4146D0CC390}.Release|Any CPU.ActiveCfg = Release|Any CPU
		{52050015-C860-4434-8757-D4146D0CC390}.Release|Any CPU.Build.0 = Release|Any CPU
		{52050015-C860-4434-8757-D4146D0CC390}.Release|Mixed Platforms.ActiveCfg = Release|Any CPU
		{52050015-C860-4434-8757-D4146D0CC390}.Release|Mixed Platforms.Build.0 = Release|Any CPU
		{52050015-C860-4434-8757-D4146D0CC390}.Release|x86.ActiveCfg = Release|Any CPU
		{3DCBFA0D-DAA4-4FBF-BA3D-9F5E626AA11A}.Debug|Any CPU.ActiveCfg = Debug|Any CPU
		{3DCBFA0D-DAA4-4FBF-BA3D-9F5E626AA11A}.Debug|Any CPU.Build.0 = Debug|Any CPU
		{3DCBFA0D-DAA4-4FBF-BA3D-9F5E626AA11A}.Debug|Mixed Platforms.ActiveCfg = Debug|Any CPU
		{3DCBFA0D-DAA4-4FBF-BA3D-9F5E626AA11A}.Debug|Mixed Platforms.Build.0 = Debug|Any CPU
		{3DCBFA0D-DAA4-4FBF-BA3D-9F5E626AA11A}.Debug|x86.ActiveCfg = Debug|Any CPU
		{3DCBFA0D-DAA4-4FBF-BA3D-9F5E626AA11A}.Release|Any CPU.ActiveCfg = Release|Any CPU
		{3DCBFA0D-DAA4-4FBF-BA3D-9F5E626AA11A}.Release|Any CPU.Build.0 = Release|Any CPU
		{3DCBFA0D-DAA4-4FBF-BA3D-9F5E626AA11A}.Release|Mixed Platforms.ActiveCfg = Release|Any CPU
		{3DCBFA0D-DAA4-4FBF-BA3D-9F5E626AA11A}.Release|Mixed Platforms.Build.0 = Release|Any CPU
		{3DCBFA0D-DAA4-4FBF-BA3D-9F5E626AA11A}.Release|x86.ActiveCfg = Release|Any CPU
		{9F61BD24-BF9E-4A5D-9698-940039380058}.Debug|Any CPU.ActiveCfg = Debug|Any CPU
		{9F61BD24-BF9E-4A5D-9698-940039380058}.Debug|Any CPU.Build.0 = Debug|Any CPU
		{9F61BD24-BF9E-4A5D-9698-940039380058}.Debug|Mixed Platforms.ActiveCfg = Debug|Any CPU
		{9F61BD24-BF9E-4A5D-9698-940039380058}.Debug|Mixed Platforms.Build.0 = Debug|Any CPU
		{9F61BD24-BF9E-4A5D-9698-940039380058}.Debug|x86.ActiveCfg = Debug|Any CPU
		{9F61BD24-BF9E-4A5D-9698-940039380058}.Release|Any CPU.ActiveCfg = Release|Any CPU
		{9F61BD24-BF9E-4A5D-9698-940039380058}.Release|Any CPU.Build.0 = Release|Any CPU
		{9F61BD24-BF9E-4A5D-9698-940039380058}.Release|Mixed Platforms.ActiveCfg = Release|Any CPU
		{9F61BD24-BF9E-4A5D-9698-940039380058}.Release|Mixed Platforms.Build.0 = Release|Any CPU
		{9F61BD24-BF9E-4A5D-9698-940039380058}.Release|x86.ActiveCfg = Release|Any CPU
		{EBF673A3-325A-4270-817D-3AE645EEDD6C}.Debug|Any CPU.ActiveCfg = Debug|Any CPU
		{EBF673A3-325A-4270-817D-3AE645EEDD6C}.Debug|Any CPU.Build.0 = Debug|Any CPU
		{EBF673A3-325A-4270-817D-3AE645EEDD6C}.Debug|Mixed Platforms.ActiveCfg = Debug|Any CPU
		{EBF673A3-325A-4270-817D-3AE645EEDD6C}.Debug|Mixed Platforms.Build.0 = Debug|Any CPU
		{EBF673A3-325A-4270-817D-3AE645EEDD6C}.Debug|x86.ActiveCfg = Debug|Any CPU
		{EBF673A3-325A-4270-817D-3AE645EEDD6C}.Release|Any CPU.ActiveCfg = Release|Any CPU
		{EBF673A3-325A-4270-817D-3AE645EEDD6C}.Release|Any CPU.Build.0 = Release|Any CPU
		{EBF673A3-325A-4270-817D-3AE645EEDD6C}.Release|Mixed Platforms.ActiveCfg = Release|Any CPU
		{EBF673A3-325A-4270-817D-3AE645EEDD6C}.Release|Mixed Platforms.Build.0 = Release|Any CPU
		{EBF673A3-325A-4270-817D-3AE645EEDD6C}.Release|x86.ActiveCfg = Release|Any CPU
		{2D778104-7D7A-4093-AD33-D11F3EB5C80C}.Debug|Any CPU.ActiveCfg = Debug|Any CPU
		{2D778104-7D7A-4093-AD33-D11F3EB5C80C}.Debug|Any CPU.Build.0 = Debug|Any CPU
		{2D778104-7D7A-4093-AD33-D11F3EB5C80C}.Debug|Mixed Platforms.ActiveCfg = Debug|Any CPU
		{2D778104-7D7A-4093-AD33-D11F3EB5C80C}.Debug|Mixed Platforms.Build.0 = Debug|Any CPU
		{2D778104-7D7A-4093-AD33-D11F3EB5C80C}.Debug|x86.ActiveCfg = Debug|Any CPU
		{2D778104-7D7A-4093-AD33-D11F3EB5C80C}.Release|Any CPU.ActiveCfg = Release|Any CPU
		{2D778104-7D7A-4093-AD33-D11F3EB5C80C}.Release|Any CPU.Build.0 = Release|Any CPU
		{2D778104-7D7A-4093-AD33-D11F3EB5C80C}.Release|Mixed Platforms.ActiveCfg = Release|Any CPU
		{2D778104-7D7A-4093-AD33-D11F3EB5C80C}.Release|Mixed Platforms.Build.0 = Release|Any CPU
		{2D778104-7D7A-4093-AD33-D11F3EB5C80C}.Release|x86.ActiveCfg = Release|Any CPU
		{82A3C8DE-3C75-401A-8E1F-5CBBD8CCAAB5}.Debug|Any CPU.ActiveCfg = Debug|x86
		{82A3C8DE-3C75-401A-8E1F-5CBBD8CCAAB5}.Debug|Mixed Platforms.ActiveCfg = Debug|x86
		{82A3C8DE-3C75-401A-8E1F-5CBBD8CCAAB5}.Debug|Mixed Platforms.Build.0 = Debug|x86
		{82A3C8DE-3C75-401A-8E1F-5CBBD8CCAAB5}.Debug|x86.ActiveCfg = Debug|x86
		{82A3C8DE-3C75-401A-8E1F-5CBBD8CCAAB5}.Debug|x86.Build.0 = Debug|x86
		{82A3C8DE-3C75-401A-8E1F-5CBBD8CCAAB5}.Release|Any CPU.ActiveCfg = Release|x86
		{82A3C8DE-3C75-401A-8E1F-5CBBD8CCAAB5}.Release|Mixed Platforms.ActiveCfg = Release|x86
		{82A3C8DE-3C75-401A-8E1F-5CBBD8CCAAB5}.Release|Mixed Platforms.Build.0 = Release|x86
		{82A3C8DE-3C75-401A-8E1F-5CBBD8CCAAB5}.Release|x86.ActiveCfg = Release|x86
		{82A3C8DE-3C75-401A-8E1F-5CBBD8CCAAB5}.Release|x86.Build.0 = Release|x86
		{4220792C-7E74-4284-A261-8863E96938CB}.Debug|Any CPU.ActiveCfg = Debug|Any CPU
		{4220792C-7E74-4284-A261-8863E96938CB}.Debug|Any CPU.Build.0 = Debug|Any CPU
		{4220792C-7E74-4284-A261-8863E96938CB}.Debug|Mixed Platforms.ActiveCfg = Debug|Any CPU
		{4220792C-7E74-4284-A261-8863E96938CB}.Debug|Mixed Platforms.Build.0 = Debug|Any CPU
		{4220792C-7E74-4284-A261-8863E96938CB}.Debug|x86.ActiveCfg = Debug|Any CPU
		{4220792C-7E74-4284-A261-8863E96938CB}.Release|Any CPU.ActiveCfg = Release|Any CPU
		{4220792C-7E74-4284-A261-8863E96938CB}.Release|Any CPU.Build.0 = Release|Any CPU
		{4220792C-7E74-4284-A261-8863E96938CB}.Release|Mixed Platforms.ActiveCfg = Release|Any CPU
		{4220792C-7E74-4284-A261-8863E96938CB}.Release|Mixed Platforms.Build.0 = Release|Any CPU
		{4220792C-7E74-4284-A261-8863E96938CB}.Release|x86.ActiveCfg = Release|Any CPU
		{96866C86-2EF8-4F84-880A-9AD9C9BD1A11}.Debug|Any CPU.ActiveCfg = Debug|Any CPU
		{96866C86-2EF8-4F84-880A-9AD9C9BD1A11}.Debug|Any CPU.Build.0 = Debug|Any CPU
		{96866C86-2EF8-4F84-880A-9AD9C9BD1A11}.Debug|Mixed Platforms.ActiveCfg = Debug|Any CPU
		{96866C86-2EF8-4F84-880A-9AD9C9BD1A11}.Debug|Mixed Platforms.Build.0 = Debug|Any CPU
		{96866C86-2EF8-4F84-880A-9AD9C9BD1A11}.Debug|x86.ActiveCfg = Debug|Any CPU
		{96866C86-2EF8-4F84-880A-9AD9C9BD1A11}.Release|Any CPU.ActiveCfg = Release|Any CPU
		{96866C86-2EF8-4F84-880A-9AD9C9BD1A11}.Release|Any CPU.Build.0 = Release|Any CPU
		{96866C86-2EF8-4F84-880A-9AD9C9BD1A11}.Release|Mixed Platforms.ActiveCfg = Release|Any CPU
		{96866C86-2EF8-4F84-880A-9AD9C9BD1A11}.Release|Mixed Platforms.Build.0 = Release|Any CPU
		{96866C86-2EF8-4F84-880A-9AD9C9BD1A11}.Release|x86.ActiveCfg = Release|Any CPU
		{176D8112-B981-44FE-8568-1CE7FF7C32D7}.Debug|Any CPU.ActiveCfg = Debug|x86
		{176D8112-B981-44FE-8568-1CE7FF7C32D7}.Debug|Mixed Platforms.ActiveCfg = Debug|x86
		{176D8112-B981-44FE-8568-1CE7FF7C32D7}.Debug|Mixed Platforms.Build.0 = Debug|x86
		{176D8112-B981-44FE-8568-1CE7FF7C32D7}.Debug|x86.ActiveCfg = Debug|x86
		{176D8112-B981-44FE-8568-1CE7FF7C32D7}.Debug|x86.Build.0 = Debug|x86
		{176D8112-B981-44FE-8568-1CE7FF7C32D7}.Release|Any CPU.ActiveCfg = Release|x86
		{176D8112-B981-44FE-8568-1CE7FF7C32D7}.Release|Mixed Platforms.ActiveCfg = Release|x86
		{176D8112-B981-44FE-8568-1CE7FF7C32D7}.Release|Mixed Platforms.Build.0 = Release|x86
		{176D8112-B981-44FE-8568-1CE7FF7C32D7}.Release|x86.ActiveCfg = Release|x86
		{176D8112-B981-44FE-8568-1CE7FF7C32D7}.Release|x86.Build.0 = Release|x86
		{097251A3-D0D1-4985-BC62-BCC1FBF06ED8}.Debug|Any CPU.ActiveCfg = Debug|Any CPU
		{097251A3-D0D1-4985-BC62-BCC1FBF06ED8}.Debug|Any CPU.Build.0 = Debug|Any CPU
		{097251A3-D0D1-4985-BC62-BCC1FBF06ED8}.Debug|Mixed Platforms.ActiveCfg = Debug|Any CPU
		{097251A3-D0D1-4985-BC62-BCC1FBF06ED8}.Debug|Mixed Platforms.Build.0 = Debug|Any CPU
		{097251A3-D0D1-4985-BC62-BCC1FBF06ED8}.Debug|x86.ActiveCfg = Debug|Any CPU
		{097251A3-D0D1-4985-BC62-BCC1FBF06ED8}.Release|Any CPU.ActiveCfg = Release|Any CPU
		{097251A3-D0D1-4985-BC62-BCC1FBF06ED8}.Release|Any CPU.Build.0 = Release|Any CPU
		{097251A3-D0D1-4985-BC62-BCC1FBF06ED8}.Release|Mixed Platforms.ActiveCfg = Release|Any CPU
		{097251A3-D0D1-4985-BC62-BCC1FBF06ED8}.Release|Mixed Platforms.Build.0 = Release|Any CPU
		{097251A3-D0D1-4985-BC62-BCC1FBF06ED8}.Release|x86.ActiveCfg = Release|Any CPU
		{6519EE86-4551-477F-A0DC-118B876BCDA7}.Debug|Any CPU.ActiveCfg = Debug|x86
		{6519EE86-4551-477F-A0DC-118B876BCDA7}.Debug|Mixed Platforms.ActiveCfg = Debug|x86
		{6519EE86-4551-477F-A0DC-118B876BCDA7}.Debug|Mixed Platforms.Build.0 = Debug|x86
		{6519EE86-4551-477F-A0DC-118B876BCDA7}.Debug|x86.ActiveCfg = Debug|x86
		{6519EE86-4551-477F-A0DC-118B876BCDA7}.Debug|x86.Build.0 = Debug|x86
		{6519EE86-4551-477F-A0DC-118B876BCDA7}.Release|Any CPU.ActiveCfg = Release|x86
		{6519EE86-4551-477F-A0DC-118B876BCDA7}.Release|Mixed Platforms.ActiveCfg = Release|x86
		{6519EE86-4551-477F-A0DC-118B876BCDA7}.Release|Mixed Platforms.Build.0 = Release|x86
		{6519EE86-4551-477F-A0DC-118B876BCDA7}.Release|x86.ActiveCfg = Release|x86
		{6519EE86-4551-477F-A0DC-118B876BCDA7}.Release|x86.Build.0 = Release|x86
		{A40C122C-D926-4472-8E5F-7E9BB6214D20}.Debug|Any CPU.ActiveCfg = Debug|Any CPU
		{A40C122C-D926-4472-8E5F-7E9BB6214D20}.Debug|Any CPU.Build.0 = Debug|Any CPU
		{A40C122C-D926-4472-8E5F-7E9BB6214D20}.Debug|Mixed Platforms.ActiveCfg = Debug|Any CPU
		{A40C122C-D926-4472-8E5F-7E9BB6214D20}.Debug|Mixed Platforms.Build.0 = Debug|Any CPU
		{A40C122C-D926-4472-8E5F-7E9BB6214D20}.Debug|x86.ActiveCfg = Debug|Any CPU
		{A40C122C-D926-4472-8E5F-7E9BB6214D20}.Release|Any CPU.ActiveCfg = Release|Any CPU
		{A40C122C-D926-4472-8E5F-7E9BB6214D20}.Release|Any CPU.Build.0 = Release|Any CPU
		{A40C122C-D926-4472-8E5F-7E9BB6214D20}.Release|Mixed Platforms.ActiveCfg = Release|Any CPU
		{A40C122C-D926-4472-8E5F-7E9BB6214D20}.Release|Mixed Platforms.Build.0 = Release|Any CPU
		{A40C122C-D926-4472-8E5F-7E9BB6214D20}.Release|x86.ActiveCfg = Release|Any CPU
		{372EA1FF-B05A-4C6A-837A-05DF03AEA91A}.Debug|Any CPU.ActiveCfg = Debug|x86
		{372EA1FF-B05A-4C6A-837A-05DF03AEA91A}.Debug|Mixed Platforms.ActiveCfg = Debug|x86
		{372EA1FF-B05A-4C6A-837A-05DF03AEA91A}.Debug|Mixed Platforms.Build.0 = Debug|x86
		{372EA1FF-B05A-4C6A-837A-05DF03AEA91A}.Debug|x86.ActiveCfg = Debug|x86
		{372EA1FF-B05A-4C6A-837A-05DF03AEA91A}.Debug|x86.Build.0 = Debug|x86
		{372EA1FF-B05A-4C6A-837A-05DF03AEA91A}.Release|Any CPU.ActiveCfg = Release|x86
		{372EA1FF-B05A-4C6A-837A-05DF03AEA91A}.Release|Mixed Platforms.ActiveCfg = Release|x86
		{372EA1FF-B05A-4C6A-837A-05DF03AEA91A}.Release|Mixed Platforms.Build.0 = Release|x86
		{372EA1FF-B05A-4C6A-837A-05DF03AEA91A}.Release|x86.ActiveCfg = Release|x86
		{372EA1FF-B05A-4C6A-837A-05DF03AEA91A}.Release|x86.Build.0 = Release|x86
		{A3E580BA-C97D-425B-BA54-9895ADB3C99A}.Debug|Any CPU.ActiveCfg = Debug|Any CPU
		{A3E580BA-C97D-425B-BA54-9895ADB3C99A}.Debug|Any CPU.Build.0 = Debug|Any CPU
		{A3E580BA-C97D-425B-BA54-9895ADB3C99A}.Debug|Mixed Platforms.ActiveCfg = Debug|Any CPU
		{A3E580BA-C97D-425B-BA54-9895ADB3C99A}.Debug|Mixed Platforms.Build.0 = Debug|Any CPU
		{A3E580BA-C97D-425B-BA54-9895ADB3C99A}.Debug|x86.ActiveCfg = Debug|Any CPU
		{A3E580BA-C97D-425B-BA54-9895ADB3C99A}.Release|Any CPU.ActiveCfg = Release|Any CPU
		{A3E580BA-C97D-425B-BA54-9895ADB3C99A}.Release|Any CPU.Build.0 = Release|Any CPU
		{A3E580BA-C97D-425B-BA54-9895ADB3C99A}.Release|Mixed Platforms.ActiveCfg = Release|Any CPU
		{A3E580BA-C97D-425B-BA54-9895ADB3C99A}.Release|Mixed Platforms.Build.0 = Release|Any CPU
		{A3E580BA-C97D-425B-BA54-9895ADB3C99A}.Release|x86.ActiveCfg = Release|Any CPU
		{BE89D42F-47DA-4079-B1F0-B4D809A0D951}.Debug|Any CPU.ActiveCfg = Debug|Any CPU
		{BE89D42F-47DA-4079-B1F0-B4D809A0D951}.Debug|Any CPU.Build.0 = Debug|Any CPU
		{BE89D42F-47DA-4079-B1F0-B4D809A0D951}.Debug|Mixed Platforms.ActiveCfg = Debug|Any CPU
		{BE89D42F-47DA-4079-B1F0-B4D809A0D951}.Debug|Mixed Platforms.Build.0 = Debug|Any CPU
		{BE89D42F-47DA-4079-B1F0-B4D809A0D951}.Debug|x86.ActiveCfg = Debug|Any CPU
		{BE89D42F-47DA-4079-B1F0-B4D809A0D951}.Release|Any CPU.ActiveCfg = Release|Any CPU
		{BE89D42F-47DA-4079-B1F0-B4D809A0D951}.Release|Any CPU.Build.0 = Release|Any CPU
		{BE89D42F-47DA-4079-B1F0-B4D809A0D951}.Release|Mixed Platforms.ActiveCfg = Release|Any CPU
		{BE89D42F-47DA-4079-B1F0-B4D809A0D951}.Release|Mixed Platforms.Build.0 = Release|Any CPU
		{BE89D42F-47DA-4079-B1F0-B4D809A0D951}.Release|x86.ActiveCfg = Release|Any CPU
		{5E34DFF9-ED6B-4ACA-999B-87A54A352EDA}.Debug|Any CPU.ActiveCfg = Debug|x86
		{5E34DFF9-ED6B-4ACA-999B-87A54A352EDA}.Debug|Mixed Platforms.ActiveCfg = Debug|x86
		{5E34DFF9-ED6B-4ACA-999B-87A54A352EDA}.Debug|Mixed Platforms.Build.0 = Debug|x86
		{5E34DFF9-ED6B-4ACA-999B-87A54A352EDA}.Debug|x86.ActiveCfg = Debug|x86
		{5E34DFF9-ED6B-4ACA-999B-87A54A352EDA}.Debug|x86.Build.0 = Debug|x86
		{5E34DFF9-ED6B-4ACA-999B-87A54A352EDA}.Release|Any CPU.ActiveCfg = Release|x86
		{5E34DFF9-ED6B-4ACA-999B-87A54A352EDA}.Release|Mixed Platforms.ActiveCfg = Release|x86
		{5E34DFF9-ED6B-4ACA-999B-87A54A352EDA}.Release|Mixed Platforms.Build.0 = Release|x86
		{5E34DFF9-ED6B-4ACA-999B-87A54A352EDA}.Release|x86.ActiveCfg = Release|x86
		{5E34DFF9-ED6B-4ACA-999B-87A54A352EDA}.Release|x86.Build.0 = Release|x86
		{15AEF4F2-4C0F-46BD-9E91-5EF91CB1AAA8}.Debug|Any CPU.ActiveCfg = Debug|Any CPU
		{15AEF4F2-4C0F-46BD-9E91-5EF91CB1AAA8}.Debug|Any CPU.Build.0 = Debug|Any CPU
		{15AEF4F2-4C0F-46BD-9E91-5EF91CB1AAA8}.Debug|Mixed Platforms.ActiveCfg = Debug|Any CPU
		{15AEF4F2-4C0F-46BD-9E91-5EF91CB1AAA8}.Debug|Mixed Platforms.Build.0 = Debug|Any CPU
		{15AEF4F2-4C0F-46BD-9E91-5EF91CB1AAA8}.Debug|x86.ActiveCfg = Debug|Any CPU
		{15AEF4F2-4C0F-46BD-9E91-5EF91CB1AAA8}.Release|Any CPU.ActiveCfg = Release|Any CPU
		{15AEF4F2-4C0F-46BD-9E91-5EF91CB1AAA8}.Release|Any CPU.Build.0 = Release|Any CPU
		{15AEF4F2-4C0F-46BD-9E91-5EF91CB1AAA8}.Release|Mixed Platforms.ActiveCfg = Release|Any CPU
		{15AEF4F2-4C0F-46BD-9E91-5EF91CB1AAA8}.Release|Mixed Platforms.Build.0 = Release|Any CPU
		{15AEF4F2-4C0F-46BD-9E91-5EF91CB1AAA8}.Release|x86.ActiveCfg = Release|Any CPU
		{C1091412-52BE-45A4-AA95-0E3C88472B6E}.Debug|Any CPU.ActiveCfg = Debug|Any CPU
		{C1091412-52BE-45A4-AA95-0E3C88472B6E}.Debug|Any CPU.Build.0 = Debug|Any CPU
		{C1091412-52BE-45A4-AA95-0E3C88472B6E}.Debug|Mixed Platforms.ActiveCfg = Debug|Any CPU
		{C1091412-52BE-45A4-AA95-0E3C88472B6E}.Debug|Mixed Platforms.Build.0 = Debug|Any CPU
		{C1091412-52BE-45A4-AA95-0E3C88472B6E}.Debug|x86.ActiveCfg = Debug|Any CPU
		{C1091412-52BE-45A4-AA95-0E3C88472B6E}.Release|Any CPU.ActiveCfg = Release|Any CPU
		{C1091412-52BE-45A4-AA95-0E3C88472B6E}.Release|Any CPU.Build.0 = Release|Any CPU
		{C1091412-52BE-45A4-AA95-0E3C88472B6E}.Release|Mixed Platforms.ActiveCfg = Release|Any CPU
		{C1091412-52BE-45A4-AA95-0E3C88472B6E}.Release|Mixed Platforms.Build.0 = Release|Any CPU
		{C1091412-52BE-45A4-AA95-0E3C88472B6E}.Release|x86.ActiveCfg = Release|Any CPU
		{85B2D4F6-94B8-4E06-92AF-27AEECCD73C0}.Debug|Any CPU.ActiveCfg = Debug|Any CPU
		{85B2D4F6-94B8-4E06-92AF-27AEECCD73C0}.Debug|Any CPU.Build.0 = Debug|Any CPU
		{85B2D4F6-94B8-4E06-92AF-27AEECCD73C0}.Debug|Mixed Platforms.ActiveCfg = Debug|Any CPU
		{85B2D4F6-94B8-4E06-92AF-27AEECCD73C0}.Debug|Mixed Platforms.Build.0 = Debug|Any CPU
		{85B2D4F6-94B8-4E06-92AF-27AEECCD73C0}.Debug|x86.ActiveCfg = Debug|Any CPU
		{85B2D4F6-94B8-4E06-92AF-27AEECCD73C0}.Release|Any CPU.ActiveCfg = Release|Any CPU
		{85B2D4F6-94B8-4E06-92AF-27AEECCD73C0}.Release|Any CPU.Build.0 = Release|Any CPU
		{85B2D4F6-94B8-4E06-92AF-27AEECCD73C0}.Release|Mixed Platforms.ActiveCfg = Release|Any CPU
		{85B2D4F6-94B8-4E06-92AF-27AEECCD73C0}.Release|Mixed Platforms.Build.0 = Release|Any CPU
		{85B2D4F6-94B8-4E06-92AF-27AEECCD73C0}.Release|x86.ActiveCfg = Release|Any CPU
		{61610FA2-A6A7-4CD7-ACA5-D207AC300AB3}.Debug|Any CPU.ActiveCfg = Debug|Any CPU
		{61610FA2-A6A7-4CD7-ACA5-D207AC300AB3}.Debug|Any CPU.Build.0 = Debug|Any CPU
		{61610FA2-A6A7-4CD7-ACA5-D207AC300AB3}.Debug|Mixed Platforms.ActiveCfg = Debug|Any CPU
		{61610FA2-A6A7-4CD7-ACA5-D207AC300AB3}.Debug|Mixed Platforms.Build.0 = Debug|Any CPU
		{61610FA2-A6A7-4CD7-ACA5-D207AC300AB3}.Debug|x86.ActiveCfg = Debug|Any CPU
		{61610FA2-A6A7-4CD7-ACA5-D207AC300AB3}.Release|Any CPU.ActiveCfg = Release|Any CPU
		{61610FA2-A6A7-4CD7-ACA5-D207AC300AB3}.Release|Any CPU.Build.0 = Release|Any CPU
		{61610FA2-A6A7-4CD7-ACA5-D207AC300AB3}.Release|Mixed Platforms.ActiveCfg = Release|Any CPU
		{61610FA2-A6A7-4CD7-ACA5-D207AC300AB3}.Release|Mixed Platforms.Build.0 = Release|Any CPU
		{61610FA2-A6A7-4CD7-ACA5-D207AC300AB3}.Release|x86.ActiveCfg = Release|Any CPU
	EndGlobalSection
	GlobalSection(SolutionProperties) = preSolution
		HideSolutionNode = FALSE
	EndGlobalSection
	GlobalSection(NestedProjects) = preSolution
		{2D778104-7D7A-4093-AD33-D11F3EB5C80C} = {E97FA82C-9AEA-4321-B7B2-76AB87ECA9B1}
		{4220792C-7E74-4284-A261-8863E96938CB} = {E97FA82C-9AEA-4321-B7B2-76AB87ECA9B1}
		{96866C86-2EF8-4F84-880A-9AD9C9BD1A11} = {E97FA82C-9AEA-4321-B7B2-76AB87ECA9B1}
		{097251A3-D0D1-4985-BC62-BCC1FBF06ED8} = {E97FA82C-9AEA-4321-B7B2-76AB87ECA9B1}
		{A40C122C-D926-4472-8E5F-7E9BB6214D20} = {E97FA82C-9AEA-4321-B7B2-76AB87ECA9B1}
		{A3E580BA-C97D-425B-BA54-9895ADB3C99A} = {E97FA82C-9AEA-4321-B7B2-76AB87ECA9B1}
		{BE89D42F-47DA-4079-B1F0-B4D809A0D951} = {E97FA82C-9AEA-4321-B7B2-76AB87ECA9B1}
		{15AEF4F2-4C0F-46BD-9E91-5EF91CB1AAA8} = {E97FA82C-9AEA-4321-B7B2-76AB87ECA9B1}
		{C1091412-52BE-45A4-AA95-0E3C88472B6E} = {E97FA82C-9AEA-4321-B7B2-76AB87ECA9B1}
		{85B2D4F6-94B8-4E06-92AF-27AEECCD73C0} = {E97FA82C-9AEA-4321-B7B2-76AB87ECA9B1}
		{097F56FA-8270-4046-B758-343087739B3A} = {E97FA82C-9AEA-4321-B7B2-76AB87ECA9B1}
		{372EA1FF-B05A-4C6A-837A-05DF03AEA91A} = {19526E23-F2B0-4743-9561-7B8B53836C33}
		{82A3C8DE-3C75-401A-8E1F-5CBBD8CCAAB5} = {19526E23-F2B0-4743-9561-7B8B53836C33}
		{5E34DFF9-ED6B-4ACA-999B-87A54A352EDA} = {19526E23-F2B0-4743-9561-7B8B53836C33}
		{176D8112-B981-44FE-8568-1CE7FF7C32D7} = {21F63C8F-8CE5-422C-AD3F-62C671658E38}
		{6519EE86-4551-477F-A0DC-118B876BCDA7} = {21F63C8F-8CE5-422C-AD3F-62C671658E38}
		{61610FA2-A6A7-4CD7-ACA5-D207AC300AB3} = {097F56FA-8270-4046-B758-343087739B3A}
	EndGlobalSection
EndGlobal
